
Microsoft Visual Studio Solution File, Format Version 12.00
# Visual Studio Version 16
VisualStudioVersion = 16.0.31613.86
MinimumVisualStudioVersion = 10.0.40219.1
Project("{FAE04EC0-301F-11D3-BF4B-00C04F79EFBC}") = "ProjetoClassificados", "ProjetoClassificados\ProjetoClassificados.csproj", "{03B0A052-F395-455A-A5E8-361A023825AB}"
EndProject
Global
	GlobalSection(SolutionConfigurationPlatforms) = preSolution
		Debug|Any CPU = Debug|Any CPU
		Release|Any CPU = Release|Any CPU
	EndGlobalSection
	GlobalSection(ProjectConfigurationPlatforms) = postSolution
		{03B0A052-F395-455A-A5E8-361A023825AB}.Debug|Any CPU.ActiveCfg = Debug|Any CPU
		{03B0A052-F395-455A-A5E8-361A023825AB}.Debug|Any CPU.Build.0 = Debug|Any CPU
		{03B0A052-F395-455A-A5E8-361A023825AB}.Release|Any CPU.ActiveCfg = Release|Any CPU
		{03B0A052-F395-455A-A5E8-361A023825AB}.Release|Any CPU.Build.0 = Release|Any CPU
	EndGlobalSection
	GlobalSection(SolutionProperties) = preSolution
		HideSolutionNode = FALSE
	EndGlobalSection
	GlobalSection(ExtensibilityGlobals) = postSolution
		SolutionGuid = {45288FC7-85BC-4A48-B4A7-0379CCF1A75F}
	EndGlobalSection
EndGlobal
